# This file was autogenerated by uv via the following command:
#    uv pip compile services/core/requirements.txt --python-version 3.12 --python-platform x86_64-unknown-linux-gnu -o services/core/requirements.lock
alembic==1.20.0
    # via -r services/core/requirements.txt
annotated-doc==0.0.5
    # via
    #   fastapi
    #   typer
annotated-types==0.8.0
    # via pydantic
anyio==4.15.1
    # via
    #   httpx
    #   starlette
    #   watchfiles
argon2-cffi==25.1.0
    # via minio
argon2-cffi-bindings==26.1.0
    # via argon2-cffi
asyncpg==0.31.0
    # via -r services/core/requirements.txt
backports-functools-lru-cache==2.0.0
    # via indic-transliteration
certifi==2026.7.22
    # via
    #   httpcore
    #   httpx
    #   minio
    #   requests
cffi==2.1.1
    # via
    #   argon2-cffi-bindings
    #   cryptography
    #   pynacl
charset-normalizer==3.5.2
    # via requests
click==8.5.0
    # via
    #   huggingface-hub
    #   uvicorn
cryptography==50.0.2
    # via
    #   -r services/core/requirements.txt
    #   pyjwt
faker==40.40.0
    # via -r services/core/requirements.txt
fastapi==0.142.2
    # via -r services/core/requirements.txt
fastembed==0.8.1
    # via -r services/core/requirements.txt
filelock==4.0.8
    # via huggingface-hub
flatbuffers==25.12.19
    # via onnxruntime
fsspec==2026.9.0
    # via huggingface-hub
greenlet==3.5.6
    # via sqlalchemy
h11==0.16.0
    # via
    #   httpcore
    #   uvicorn
hf-xet==1.6.0
    # via huggingface-hub
httpcore==1.0.9
    # via httpx
httptools==0.8.0
    # via uvicorn
httpx==0.28.1
    # via
    #   -r services/core/requirements.txt
    #   huggingface-hub
huggingface-hub==1.33.0
    # via
    #   fastembed
    #   tokenizers
idna==3.20
    # via
    #   anyio
    #   httpx
    #   requests
indic-transliteration==2.3.82
    # via -r services/core/requirements.txt
json-logic-qubit==0.9.1
    # via -r services/core/requirements.txt
loguru==0.7.3
    # via fastembed
mako==1.4.3
    # via alembic
markdown-it-py==4.2.0
    # via rich
markupsafe==3.0.3
    # via mako
mdurl==0.1.2
    # via markdown-it-py
minio==7.2.20
    # via -r services/core/requirements.txt
mmh3==5.3.1
    # via fastembed
nats-py==2.16.0
    # via -r services/core/requirements.txt
nexus-rpc==1.4.0
    # via temporalio
numpy==2.5.3
    # via
    #   fastembed
    #   onnxruntime
onnxruntime==1.30.0
    # via fastembed
opentelemetry-api==1.45.0
    # via fastapi
packaging==26.3
    # via
    #   huggingface-hub
    #   onnxruntime
pgvector==0.5.0
    # via -r services/core/requirements.txt
pillow==12.3.0
    # via fastembed
protobuf==7.36.2
    # via
    #   onnxruntime
    #   temporalio
py-rust-stemmers==0.1.8
    # via fastembed
pycparser==3.0
    # via cffi
pycryptodome==3.23.0
    # via minio
pydantic==2.13.5
    # via
    #   -r services/core/requirements.txt
    #   fastapi
    #   pydantic-settings
pydantic-core==2.46.5
    # via pydantic
pydantic-settings==2.15.0
    # via -r services/core/requirements.txt
pygments==2.21.0
    # via rich
pyjwt==2.15.1
    # via -r services/core/requirements.txt
pynacl==1.6.2
    # via -r services/core/requirements.txt
python-dotenv==1.2.4
    # via
    #   pydantic-settings
    #   uvicorn
python-json-logger==4.2.0
    # via -r services/core/requirements.txt
python-multipart==0.0.32
    # via -r services/core/requirements.txt
pyyaml==6.0.3
    # via
    #   huggingface-hub
    #   uvicorn
rapidfuzz==3.14.6
    # via -r services/core/requirements.txt
redis==8.1.0
    # via -r services/core/requirements.txt
regex==2026.9.29
    # via indic-transliteration
requests==2.34.2
    # via fastembed
rich==15.0.0
    # via typer
roman==5.2
    # via indic-transliteration
shellingham==1.5.4
    # via typer
six==1.17.0
    # via json-logic-qubit
sqlalchemy==2.1.1
    # via
    #   -r services/core/requirements.txt
    #   alembic
starlette==1.7.0
    # via fastapi
structlog==26.1.0
    # via -r services/core/requirements.txt
temporalio==1.34.0
    # via -r services/core/requirements.txt
tenacity==9.1.4
    # via -r services/core/requirements.txt
tokenizers==0.23.2
    # via fastembed
toml==0.10.2
    # via indic-transliteration
tqdm==4.70.1
    # via
    #   fastembed
    #   huggingface-hub
    #   indic-transliteration
typer==0.27.2
    # via indic-transliteration
types-protobuf==7.35.1.20260906
    # via temporalio
typing-extensions==4.16.0
    # via
    #   alembic
    #   anyio
    #   fastapi
    #   huggingface-hub
    #   minio
    #   nexus-rpc
    #   opentelemetry-api
    #   pydantic
    #   pydantic-core
    #   sqlalchemy
    #   starlette
    #   temporalio
    #   typing-inspection
typing-inspection==0.4.4
    # via
    #   fastapi
    #   pydantic
    #   pydantic-settings
urllib3==2.8.0
    # via
    #   minio
    #   requests
uvicorn==0.54.0
    # via -r services/core/requirements.txt
uvloop==0.23.0
    # via uvicorn
watchfiles==1.3.0
    # via uvicorn
websockets==17.1
    # via uvicorn
